# This file is automatically @generated by rotriever.
# It is not intended for manual editing.
lockfile_format_version = 3

[[package]]
name = "RECS"
version = "1.0.0"
dependencies = [
    "TestEZ roblox/testez e12ce1ca git+https://github.com/roblox/testez#master",
    "t osyris/t 6450d15b git+https://github.com/osyrisrblx/t#master",
]

[[package]]
name = "osyris/t"
version = "1.2.5"
source = "git+https://github.com/osyrisrblx/t#master"
commit = "6450d15b4e45b43cabe75b9f921bb468bfc12e5b"

[[package]]
name = "roblox/testez"
version = "0.2.0"
source = "git+https://github.com/roblox/testez#master"
commit = "e12ce1cadd3c1a05b0c70b1096d88e4d0c3dc05a"
