lockfile_format_version = 0

[[package]]
name = "TestEZ"
type = "git"
source = "https://github.com/Roblox/testez"
commit = "d488b21df0388f8729feda26965123c63de3869f"
rev = "master"

[[package]]
name = "t"
type = "git"
source = "https://github.com/osyrisrblx/t"
commit = "07dbb2f2e9fb9a743899d2a3454b262e75cc825e"
rev = "master"
