# This file is automatically @generated by rotriever.
# It is not intended for manual editing.
lockfile_format_version = 4

[[package]]
name = "RECS"
version = "1.0.0"
dependencies = [
    "TestEZ roblox/testez e12ce1ca git+https://github.com/roblox/testez#master",
    "t osyris/t 0145c2f7 git+https://github.com/osyrisrblx/t#master",
]

[[package]]
name = "osyris/t"
version = "1.2.5"
commit = "0145c2f7fe74ecf6357b73d47de04b5e82ad28fb"
source = "git+https://github.com/osyrisrblx/t#master"

[[package]]
name = "roblox/testez"
version = "0.2.0"
commit = "e12ce1cadd3c1a05b0c70b1096d88e4d0c3dc05a"
source = "git+https://github.com/roblox/testez#master"
